
Microsoft Visual Studio Solution File, Format Version 12.00
# Visual Studio 14
VisualStudioVersion = 14.0.25420.1
MinimumVisualStudioVersion = 10.0.40219.1
Project("{FAE04EC0-301F-11D3-BF4B-00C04F79EFBC}") = "Nortwind.Entities", "Nortwind.Entities\Nortwind.Entities.csproj", "{73109448-4174-4158-87E2-A905EE7EFD47}"
EndProject
Project("{FAE04EC0-301F-11D3-BF4B-00C04F79EFBC}") = "Nortwind.DataAccess", "Nortwind.DataAcces\Nortwind.DataAccess.csproj", "{966F79A9-005E-4C9A-A7C2-106330F9BA0E}"
EndProject
Global
	GlobalSection(SolutionConfigurationPlatforms) = preSolution
		Debug|Any CPU = Debug|Any CPU
		Release|Any CPU = Release|Any CPU
	EndGlobalSection
	GlobalSection(ProjectConfigurationPlatforms) = postSolution
		{73109448-4174-4158-87E2-A905EE7EFD47}.Debug|Any CPU.ActiveCfg = Debug|Any CPU
		{73109448-4174-4158-87E2-A905EE7EFD47}.Debug|Any CPU.Build.0 = Debug|Any CPU
		{73109448-4174-4158-87E2-A905EE7EFD47}.Release|Any CPU.ActiveCfg = Release|Any CPU
		{73109448-4174-4158-87E2-A905EE7EFD47}.Release|Any CPU.Build.0 = Release|Any CPU
		{966F79A9-005E-4C9A-A7C2-106330F9BA0E}.Debug|Any CPU.ActiveCfg = Debug|Any CPU
		{966F79A9-005E-4C9A-A7C2-106330F9BA0E}.Debug|Any CPU.Build.0 = Debug|Any CPU
		{966F79A9-005E-4C9A-A7C2-106330F9BA0E}.Release|Any CPU.ActiveCfg = Release|Any CPU
		{966F79A9-005E-4C9A-A7C2-106330F9BA0E}.Release|Any CPU.Build.0 = Release|Any CPU
	EndGlobalSection
	GlobalSection(SolutionProperties) = preSolution
		HideSolutionNode = FALSE
	EndGlobalSection
EndGlobal
