
Microsoft Visual Studio Solution File, Format Version 12.00
# Visual Studio 14
VisualStudioVersion = 14.0.25420.1
MinimumVisualStudioVersion = 10.0.40219.1
Project("{FAE04EC0-301F-11D3-BF4B-00C04F79EFBC}") = "Project.Shared", "Nortwind.Entities\Project.Shared.csproj", "{73109448-4174-4158-87E2-A905EE7EFD47}"
EndProject
Project("{FAE04EC0-301F-11D3-BF4B-00C04F79EFBC}") = "Project.DataLayer", "Nortwind.DataAcces\Project.DataLayer.csproj", "{966F79A9-005E-4C9A-A7C2-106330F9BA0E}"
EndProject
Project("{FAE04EC0-301F-11D3-BF4B-00C04F79EFBC}") = "Project.Root", "Nortwind.Bussiness\Project.Root.csproj", "{8DF2150D-177D-4D15-932A-E8B8567BBB90}"
EndProject
Project("{FAE04EC0-301F-11D3-BF4B-00C04F79EFBC}") = "Nortwind.MvcWebUI", "Nortwind.MvcWebUI\Nortwind.MvcWebUI.csproj", "{4C186592-698B-47BC-B9D2-A3B27E40A07C}"
EndProject
Project("{FAE04EC0-301F-11D3-BF4B-00C04F79EFBC}") = "Project.Server", "Service\Project.Server.csproj", "{A64781C1-8B4A-46E4-ABEB-79ECA2196AFB}"
EndProject
Project("{E24C65DC-7377-472B-9ABA-BC803B73C61A}") = "Nortwind.ServiceIISHost", "Nortwind.ServiceIISHost\", "{233B8AE8-7EFF-47CC-88CC-D1A9BDC26083}"
	ProjectSection(WebsiteProperties) = preProject
		TargetFrameworkMoniker = ".NETFramework,Version%3Dv4.5.2"
		ProjectReferences = "{a64781c1-8b4a-46e4-abeb-79eca2196afb}|Service.dll;{8DF2150D-177D-4D15-932A-E8B8567BBB90}|Nortwind.Bussiness.dll;{966F79A9-005E-4C9A-A7C2-106330F9BA0E}|Nortwind.DataAcces.dll;{73109448-4174-4158-87E2-A905EE7EFD47}|Nortwind.Entities.dll;"
		Debug.AspNetCompiler.VirtualPath = "/localhost_9846"
		Debug.AspNetCompiler.PhysicalPath = "Nortwind.ServiceIISHost\"
		Debug.AspNetCompiler.TargetPath = "PrecompiledWeb\localhost_9846\"
		Debug.AspNetCompiler.Updateable = "true"
		Debug.AspNetCompiler.ForceOverwrite = "true"
		Debug.AspNetCompiler.FixedNames = "false"
		Debug.AspNetCompiler.Debug = "True"
		Release.AspNetCompiler.VirtualPath = "/localhost_9846"
		Release.AspNetCompiler.PhysicalPath = "Nortwind.ServiceIISHost\"
		Release.AspNetCompiler.TargetPath = "PrecompiledWeb\localhost_9846\"
		Release.AspNetCompiler.Updateable = "true"
		Release.AspNetCompiler.ForceOverwrite = "true"
		Release.AspNetCompiler.FixedNames = "false"
		Release.AspNetCompiler.Debug = "False"
		VWDPort = "9846"
		SlnRelativePath = "Nortwind.ServiceIISHost\"
		DefaultWebSiteLanguage = "Visual C#"
	EndProjectSection
EndProject
Project("{FAE04EC0-301F-11D3-BF4B-00C04F79EFBC}") = "Project.Client", "Nortwind.ServiceClientConsole\Project.Client.csproj", "{FA4AED38-C67F-485D-A26E-1F2CD2FE38F8}"
EndProject
Global
	GlobalSection(SolutionConfigurationPlatforms) = preSolution
		Debug|Any CPU = Debug|Any CPU
		Release|Any CPU = Release|Any CPU
	EndGlobalSection
	GlobalSection(ProjectConfigurationPlatforms) = postSolution
		{73109448-4174-4158-87E2-A905EE7EFD47}.Debug|Any CPU.ActiveCfg = Debug|Any CPU
		{73109448-4174-4158-87E2-A905EE7EFD47}.Debug|Any CPU.Build.0 = Debug|Any CPU
		{73109448-4174-4158-87E2-A905EE7EFD47}.Release|Any CPU.ActiveCfg = Release|Any CPU
		{73109448-4174-4158-87E2-A905EE7EFD47}.Release|Any CPU.Build.0 = Release|Any CPU
		{966F79A9-005E-4C9A-A7C2-106330F9BA0E}.Debug|Any CPU.ActiveCfg = Debug|Any CPU
		{966F79A9-005E-4C9A-A7C2-106330F9BA0E}.Debug|Any CPU.Build.0 = Debug|Any CPU
		{966F79A9-005E-4C9A-A7C2-106330F9BA0E}.Release|Any CPU.ActiveCfg = Release|Any CPU
		{966F79A9-005E-4C9A-A7C2-106330F9BA0E}.Release|Any CPU.Build.0 = Release|Any CPU
		{8DF2150D-177D-4D15-932A-E8B8567BBB90}.Debug|Any CPU.ActiveCfg = Debug|Any CPU
		{8DF2150D-177D-4D15-932A-E8B8567BBB90}.Debug|Any CPU.Build.0 = Debug|Any CPU
		{8DF2150D-177D-4D15-932A-E8B8567BBB90}.Release|Any CPU.ActiveCfg = Release|Any CPU
		{8DF2150D-177D-4D15-932A-E8B8567BBB90}.Release|Any CPU.Build.0 = Release|Any CPU
		{4C186592-698B-47BC-B9D2-A3B27E40A07C}.Debug|Any CPU.ActiveCfg = Debug|Any CPU
		{4C186592-698B-47BC-B9D2-A3B27E40A07C}.Debug|Any CPU.Build.0 = Debug|Any CPU
		{4C186592-698B-47BC-B9D2-A3B27E40A07C}.Release|Any CPU.ActiveCfg = Release|Any CPU
		{4C186592-698B-47BC-B9D2-A3B27E40A07C}.Release|Any CPU.Build.0 = Release|Any CPU
		{A64781C1-8B4A-46E4-ABEB-79ECA2196AFB}.Debug|Any CPU.ActiveCfg = Debug|Any CPU
		{A64781C1-8B4A-46E4-ABEB-79ECA2196AFB}.Debug|Any CPU.Build.0 = Debug|Any CPU
		{A64781C1-8B4A-46E4-ABEB-79ECA2196AFB}.Release|Any CPU.ActiveCfg = Release|Any CPU
		{A64781C1-8B4A-46E4-ABEB-79ECA2196AFB}.Release|Any CPU.Build.0 = Release|Any CPU
		{233B8AE8-7EFF-47CC-88CC-D1A9BDC26083}.Debug|Any CPU.ActiveCfg = Debug|Any CPU
		{233B8AE8-7EFF-47CC-88CC-D1A9BDC26083}.Debug|Any CPU.Build.0 = Debug|Any CPU
		{233B8AE8-7EFF-47CC-88CC-D1A9BDC26083}.Release|Any CPU.ActiveCfg = Debug|Any CPU
		{233B8AE8-7EFF-47CC-88CC-D1A9BDC26083}.Release|Any CPU.Build.0 = Debug|Any CPU
		{FA4AED38-C67F-485D-A26E-1F2CD2FE38F8}.Debug|Any CPU.ActiveCfg = Debug|Any CPU
		{FA4AED38-C67F-485D-A26E-1F2CD2FE38F8}.Debug|Any CPU.Build.0 = Debug|Any CPU
		{FA4AED38-C67F-485D-A26E-1F2CD2FE38F8}.Release|Any CPU.ActiveCfg = Release|Any CPU
		{FA4AED38-C67F-485D-A26E-1F2CD2FE38F8}.Release|Any CPU.Build.0 = Release|Any CPU
	EndGlobalSection
	GlobalSection(SolutionProperties) = preSolution
		HideSolutionNode = FALSE
	EndGlobalSection
EndGlobal
